
Microsoft Visual Studio Solution File, Format Version 12.00
# Visual Studio 15
VisualStudioVersion = 15.0.26124.0
MinimumVisualStudioVersion = 15.0.26124.0
Project("{FAE04EC0-301F-11D3-BF4B-00C04F79EFBC}") = "Domain", "Domain\Domain.csproj", "{EC63888B-71AA-469A-A5C6-F7CA8F64A18A}"
EndProject
Project("{FAE04EC0-301F-11D3-BF4B-00C04F79EFBC}") = "Application", "Application\Application.csproj", "{8EB8EEC0-14C9-4577-8906-1AB859F8BABC}"
EndProject
Project("{FAE04EC0-301F-11D3-BF4B-00C04F79EFBC}") = "Persistence", "Persistence\Persistence.csproj", "{137B6812-F077-4973-BFFD-77D90E51AC7D}"
EndProject
Project("{FAE04EC0-301F-11D3-BF4B-00C04F79EFBC}") = "API", "API\API.csproj", "{5A113609-CCF6-49A1-90B1-68DF80F78D52}"
EndProject
Global
	GlobalSection(SolutionConfigurationPlatforms) = preSolution
		Debug|Any CPU = Debug|Any CPU
		Debug|x64 = Debug|x64
		Debug|x86 = Debug|x86
		Release|Any CPU = Release|Any CPU
		Release|x64 = Release|x64
		Release|x86 = Release|x86
	EndGlobalSection
	GlobalSection(SolutionProperties) = preSolution
		HideSolutionNode = FALSE
	EndGlobalSection
	GlobalSection(ProjectConfigurationPlatforms) = postSolution
		{EC63888B-71AA-469A-A5C6-F7CA8F64A18A}.Debug|Any CPU.ActiveCfg = Debug|Any CPU
		{EC63888B-71AA-469A-A5C6-F7CA8F64A18A}.Debug|Any CPU.Build.0 = Debug|Any CPU
		{EC63888B-71AA-469A-A5C6-F7CA8F64A18A}.Debug|x64.ActiveCfg = Debug|Any CPU
		{EC63888B-71AA-469A-A5C6-F7CA8F64A18A}.Debug|x64.Build.0 = Debug|Any CPU
		{EC63888B-71AA-469A-A5C6-F7CA8F64A18A}.Debug|x86.ActiveCfg = Debug|Any CPU
		{EC63888B-71AA-469A-A5C6-F7CA8F64A18A}.Debug|x86.Build.0 = Debug|Any CPU
		{EC63888B-71AA-469A-A5C6-F7CA8F64A18A}.Release|Any CPU.ActiveCfg = Release|Any CPU
		{EC63888B-71AA-469A-A5C6-F7CA8F64A18A}.Release|Any CPU.Build.0 = Release|Any CPU
		{EC63888B-71AA-469A-A5C6-F7CA8F64A18A}.Release|x64.ActiveCfg = Release|Any CPU
		{EC63888B-71AA-469A-A5C6-F7CA8F64A18A}.Release|x64.Build.0 = Release|Any CPU
		{EC63888B-71AA-469A-A5C6-F7CA8F64A18A}.Release|x86.ActiveCfg = Release|Any CPU
		{EC63888B-71AA-469A-A5C6-F7CA8F64A18A}.Release|x86.Build.0 = Release|Any CPU
		{8EB8EEC0-14C9-4577-8906-1AB859F8BABC}.Debug|Any CPU.ActiveCfg = Debug|Any CPU
		{8EB8EEC0-14C9-4577-8906-1AB859F8BABC}.Debug|Any CPU.Build.0 = Debug|Any CPU
		{8EB8EEC0-14C9-4577-8906-1AB859F8BABC}.Debug|x64.ActiveCfg = Debug|Any CPU
		{8EB8EEC0-14C9-4577-8906-1AB859F8BABC}.Debug|x64.Build.0 = Debug|Any CPU
		{8EB8EEC0-14C9-4577-8906-1AB859F8BABC}.Debug|x86.ActiveCfg = Debug|Any CPU
		{8EB8EEC0-14C9-4577-8906-1AB859F8BABC}.Debug|x86.Build.0 = Debug|Any CPU
		{8EB8EEC0-14C9-4577-8906-1AB859F8BABC}.Release|Any CPU.ActiveCfg = Release|Any CPU
		{8EB8EEC0-14C9-4577-8906-1AB859F8BABC}.Release|Any CPU.Build.0 = Release|Any CPU
		{8EB8EEC0-14C9-4577-8906-1AB859F8BABC}.Release|x64.ActiveCfg = Release|Any CPU
		{8EB8EEC0-14C9-4577-8906-1AB859F8BABC}.Release|x64.Build.0 = Release|Any CPU
		{8EB8EEC0-14C9-4577-8906-1AB859F8BABC}.Release|x86.ActiveCfg = Release|Any CPU
		{8EB8EEC0-14C9-4577-8906-1AB859F8BABC}.Release|x86.Build.0 = Release|Any CPU
		{137B6812-F077-4973-BFFD-77D90E51AC7D}.Debug|Any CPU.ActiveCfg = Debug|Any CPU
		{137B6812-F077-4973-BFFD-77D90E51AC7D}.Debug|Any CPU.Build.0 = Debug|Any CPU
		{137B6812-F077-4973-BFFD-77D90E51AC7D}.Debug|x64.ActiveCfg = Debug|Any CPU
		{137B6812-F077-4973-BFFD-77D90E51AC7D}.Debug|x64.Build.0 = Debug|Any CPU
		{137B6812-F077-4973-BFFD-77D90E51AC7D}.Debug|x86.ActiveCfg = Debug|Any CPU
		{137B6812-F077-4973-BFFD-77D90E51AC7D}.Debug|x86.Build.0 = Debug|Any CPU
		{137B6812-F077-4973-BFFD-77D90E51AC7D}.Release|Any CPU.ActiveCfg = Release|Any CPU
		{137B6812-F077-4973-BFFD-77D90E51AC7D}.Release|Any CPU.Build.0 = Release|Any CPU
		{137B6812-F077-4973-BFFD-77D90E51AC7D}.Release|x64.ActiveCfg = Release|Any CPU
		{137B6812-F077-4973-BFFD-77D90E51AC7D}.Release|x64.Build.0 = Release|Any CPU
		{137B6812-F077-4973-BFFD-77D90E51AC7D}.Release|x86.ActiveCfg = Release|Any CPU
		{137B6812-F077-4973-BFFD-77D90E51AC7D}.Release|x86.Build.0 = Release|Any CPU
		{5A113609-CCF6-49A1-90B1-68DF80F78D52}.Debug|Any CPU.ActiveCfg = Debug|Any CPU
		{5A113609-CCF6-49A1-90B1-68DF80F78D52}.Debug|Any CPU.Build.0 = Debug|Any CPU
		{5A113609-CCF6-49A1-90B1-68DF80F78D52}.Debug|x64.ActiveCfg = Debug|Any CPU
		{5A113609-CCF6-49A1-90B1-68DF80F78D52}.Debug|x64.Build.0 = Debug|Any CPU
		{5A113609-CCF6-49A1-90B1-68DF80F78D52}.Debug|x86.ActiveCfg = Debug|Any CPU
		{5A113609-CCF6-49A1-90B1-68DF80F78D52}.Debug|x86.Build.0 = Debug|Any CPU
		{5A113609-CCF6-49A1-90B1-68DF80F78D52}.Release|Any CPU.ActiveCfg = Release|Any CPU
		{5A113609-CCF6-49A1-90B1-68DF80F78D52}.Release|Any CPU.Build.0 = Release|Any CPU
		{5A113609-CCF6-49A1-90B1-68DF80F78D52}.Release|x64.ActiveCfg = Release|Any CPU
		{5A113609-CCF6-49A1-90B1-68DF80F78D52}.Release|x64.Build.0 = Release|Any CPU
		{5A113609-CCF6-49A1-90B1-68DF80F78D52}.Release|x86.ActiveCfg = Release|Any CPU
		{5A113609-CCF6-49A1-90B1-68DF80F78D52}.Release|x86.Build.0 = Release|Any CPU
	EndGlobalSection
EndGlobal
